
Microsoft Visual Studio Solution File, Format Version 12.00
# Visual Studio 15
VisualStudioVersion = 15.0.27428.2037
MinimumVisualStudioVersion = 10.0.40219.1
Project("{FAE04EC0-301F-11D3-BF4B-00C04F79EFBC}") = "QuirkyBookRentalApp", "QuirkyBookRentalApp\QuirkyBookRentalApp.csproj", "{D8D32BD7-8BB3-428E-A3E1-C51F8E89F8A0}"
EndProject
Global
	GlobalSection(SolutionConfigurationPlatforms) = preSolution
		Debug|Any CPU = Debug|Any CPU
		Release|Any CPU = Release|Any CPU
	EndGlobalSection
	GlobalSection(ProjectConfigurationPlatforms) = postSolution
		{D8D32BD7-8BB3-428E-A3E1-C51F8E89F8A0}.Debug|Any CPU.ActiveCfg = Debug|Any CPU
		{D8D32BD7-8BB3-428E-A3E1-C51F8E89F8A0}.Debug|Any CPU.Build.0 = Debug|Any CPU
		{D8D32BD7-8BB3-428E-A3E1-C51F8E89F8A0}.Release|Any CPU.ActiveCfg = Release|Any CPU
		{D8D32BD7-8BB3-428E-A3E1-C51F8E89F8A0}.Release|Any CPU.Build.0 = Release|Any CPU
	EndGlobalSection
	GlobalSection(SolutionProperties) = preSolution
		HideSolutionNode = FALSE
	EndGlobalSection
	GlobalSection(ExtensibilityGlobals) = postSolution
		SolutionGuid = {44B3EAD2-7C0F-4470-A9E8-690976D97B94}
	EndGlobalSection
EndGlobal
